
Microsoft Visual Studio Solution File, Format Version 12.00
# Visual Studio 15
VisualStudioVersion = 15.0.27428.2002
MinimumVisualStudioVersion = 10.0.40219.1
Project("{FAE04EC0-301F-11D3-BF4B-00C04F79EFBC}") = "DeckGenerator.LN.ViewModel", "Gerador de Deck\DeckGenerator.LN.ViewModel.csproj", "{D5878437-DCA1-4F06-AD0E-A316769A2CC8}"
EndProject
Global
	GlobalSection(SolutionConfigurationPlatforms) = preSolution
		Debug|Any CPU = Debug|Any CPU
		Release|Any CPU = Release|Any CPU
	EndGlobalSection
	GlobalSection(ProjectConfigurationPlatforms) = postSolution
		{D5878437-DCA1-4F06-AD0E-A316769A2CC8}.Debug|Any CPU.ActiveCfg = Debug|Any CPU
		{D5878437-DCA1-4F06-AD0E-A316769A2CC8}.Debug|Any CPU.Build.0 = Debug|Any CPU
		{D5878437-DCA1-4F06-AD0E-A316769A2CC8}.Release|Any CPU.ActiveCfg = Release|Any CPU
		{D5878437-DCA1-4F06-AD0E-A316769A2CC8}.Release|Any CPU.Build.0 = Release|Any CPU
	EndGlobalSection
	GlobalSection(SolutionProperties) = preSolution
		HideSolutionNode = FALSE
	EndGlobalSection
	GlobalSection(ExtensibilityGlobals) = postSolution
		SolutionGuid = {03397689-330E-44A2-9CE4-5354CA2A98AF}
	EndGlobalSection
EndGlobal
